// !$*UTF8*$!
{
	archiveVersion = 1;
	classes = {
	};
	objectVersion = 56;
	objects = {

/* Begin PBXBuildFile section */
		2A339BC62935825000CA2EE4 /* Simple_Spending_TrackerApp.swift in Sources */ = {isa = PBXBuildFile; fileRef = 2A339BC52935825000CA2EE4 /* Simple_Spending_TrackerApp.swift */; };
		2A339BC82935825000CA2EE4 /* ContentView.swift in Sources */ = {isa = PBXBuildFile; fileRef = 2A339BC72935825000CA2EE4 /* ContentView.swift */; };
		2A339BCA2935825300CA2EE4 /* Assets.xcassets in Resources */ = {isa = PBXBuildFile; fileRef = 2A339BC92935825300CA2EE4 /* Assets.xcassets */; };
		2A339BCD2935825300CA2EE4 /* Preview Assets.xcassets in Resources */ = {isa = PBXBuildFile; fileRef = 2A339BCC2935825300CA2EE4 /* Preview Assets.xcassets */; };
		2A339BD72935825400CA2EE4 /* Simple_Spending_TrackerTests.swift in Sources */ = {isa = PBXBuildFile; fileRef = 2A339BD62935825400CA2EE4 /* Simple_Spending_TrackerTests.swift */; };
		2A339BE12935825400CA2EE4 /* Simple_Spending_TrackerUITests.swift in Sources */ = {isa = PBXBuildFile; fileRef = 2A339BE02935825400CA2EE4 /* Simple_Spending_TrackerUITests.swift */; };
		2A339BE32935825400CA2EE4 /* Simple_Spending_TrackerUITestsLaunchTests.swift in Sources */ = {isa = PBXBuildFile; fileRef = 2A339BE22935825400CA2EE4 /* Simple_Spending_TrackerUITestsLaunchTests.swift */; };
/* End PBXBuildFile section */

/* Begin PBXContainerItemProxy section */
		2A339BD32935825400CA2EE4 /* PBXContainerItemProxy */ = {
			isa = PBXContainerItemProxy;
			containerPortal = 2A339BBA2935825000CA2EE4 /* Project object */;
			proxyType = 1;
			remoteGlobalIDString = 2A339BC12935825000CA2EE4;
			remoteInfo = "Simple Spending Tracker";
		};
		2A339BDD2935825400CA2EE4 /* PBXContainerItemProxy */ = {
			isa = PBXContainerItemProxy;
			containerPortal = 2A339BBA2935825000CA2EE4 /* Project object */;
			proxyType = 1;
			remoteGlobalIDString = 2A339BC12935825000CA2EE4;
			remoteInfo = "Simple Spending Tracker";
		};
/* End PBXContainerItemProxy section */

/* Begin PBXFileReference section */
		2A339BC22935825000CA2EE4 /* Simple Spending Tracker.app */ = {isa = PBXFileReference; explicitFileType = wrapper.application; includeInIndex = 0; path = "Simple Spending Tracker.app"; sourceTree = BUILT_PRODUCTS_DIR; };
		2A339BC52935825000CA2EE4 /* Simple_Spending_TrackerApp.swift */ = {isa = PBXFileReference; lastKnownFileType = sourcecode.swift; path = Simple_Spending_TrackerApp.swift; sourceTree = "<group>"; };
		2A339BC72935825000CA2EE4 /* ContentView.swift */ = {isa = PBXFileReference; lastKnownFileType = sourcecode.swift; path = ContentView.swift; sourceTree = "<group>"; };
		2A339BC92935825300CA2EE4 /* Assets.xcassets */ = {isa = PBXFileReference; lastKnownFileType = folder.assetcatalog; path = Assets.xcassets; sourceTree = "<group>"; };
		2A339BCC2935825300CA2EE4 /* Preview Assets.xcassets */ = {isa = PBXFileReference; lastKnownFileType = folder.assetcatalog; path = "Preview Assets.xcassets"; sourceTree = "<group>"; };
		2A339BD22935825400CA2EE4 /* Simple Spending TrackerTests.xctest */ = {isa = PBXFileReference; explicitFileType = wrapper.cfbundle; includeInIndex = 0; path = "Simple Spending TrackerTests.xctest"; sourceTree = BUILT_PRODUCTS_DIR; };
		2A339BD62935825400CA2EE4 /* Simple_Spending_TrackerTests.swift */ = {isa = PBXFileReference; lastKnownFileType = sourcecode.swift; path = Simple_Spending_TrackerTests.swift; sourceTree = "<group>"; };
		2A339BDC2935825400CA2EE4 /* Simple Spending TrackerUITests.xctest */ = {isa = PBXFileReference; explicitFileType = wrapper.cfbundle; includeInIndex = 0; path = "Simple Spending TrackerUITests.xctest"; sourceTree = BUILT_PRODUCTS_DIR; };
		2A339BE02935825400CA2EE4 /* Simple_Spending_TrackerUITests.swift */ = {isa = PBXFileReference; lastKnownFileType = sourcecode.swift; path = Simple_Spending_TrackerUITests.swift; sourceTree = "<group>"; };
		2A339BE22935825400CA2EE4 /* Simple_Spending_TrackerUITestsLaunchTests.swift */ = {isa = PBXFileReference; lastKnownFileType = sourcecode.swift; path = Simple_Spending_TrackerUITestsLaunchTests.swift; sourceTree = "<group>"; };
/* End PBXFileReference section */

/* Begin PBXFrameworksBuildPhase section */
		2A339BBF2935825000CA2EE4 /* Frameworks */ = {
			isa = PBXFrameworksBuildPhase;
			buildActionMask = 2147483647;
			files = (
			);
			runOnlyForDeploymentPostprocessing = 0;
		};
		2A339BCF2935825400CA2EE4 /* Frameworks */ = {
			isa = PBXFrameworksBuildPhase;
			buildActionMask = 2147483647;
			files = (
			);
			runOnlyForDeploymentPostprocessing = 0;
		};
		2A339BD92935825400CA2EE4 /* Frameworks */ = {
			isa = PBXFrameworksBuildPhase;
			buildActionMask = 2147483647;
			files = (
			);
			runOnlyForDeploymentPostprocessing = 0;
		};
/* End PBXFrameworksBuildPhase section */

/* Begin PBXGroup section */
		2A339BB92935825000CA2EE4 = {
			isa = PBXGroup;
			children = (
				2A339BC42935825000CA2EE4 /* Simple Spending Tracker */,
				2A339BD52935825400CA2EE4 /* Simple Spending TrackerTests */,
				2A339BDF2935825400CA2EE4 /* Simple Spending TrackerUITests */,
				2A339BC32935825000CA2EE4 /* Products */,
			);
			sourceTree = "<group>";
		};
		2A339BC32935825000CA2EE4 /* Products */ = {
			isa = PBXGroup;
			children = (
				2A339BC22935825000CA2EE4 /* Simple Spending Tracker.app */,
				2A339BD22935825400CA2EE4 /* Simple Spending TrackerTests.xctest */,
				2A339BDC2935825400CA2EE4 /* Simple Spending TrackerUITests.xctest */,
			);
			name = Products;
			sourceTree = "<group>";
		};
		2A339BC42935825000CA2EE4 /* Simple Spending Tracker */ = {
			isa = PBXGroup;
			children = (
				2A339BC52935825000CA2EE4 /* Simple_Spending_TrackerApp.swift */,
				2A339BC72935825000CA2EE4 /* ContentView.swift */,
				2A339BC92935825300CA2EE4 /* Assets.xcassets */,
				2A339BCB2935825300CA2EE4 /* Preview Content */,
			);
			path = "Simple Spending Tracker";
			sourceTree = "<group>";
		};
		2A339BCB2935825300CA2EE4 /* Preview Content */ = {
			isa = PBXGroup;
			children = (
				2A339BCC2935825300CA2EE4 /* Preview Assets.xcassets */,
			);
			path = "Preview Content";
			sourceTree = "<group>";
		};
		2A339BD52935825400CA2EE4 /* Simple Spending TrackerTests */ = {
			isa = PBXGroup;
			children = (
				2A339BD62935825400CA2EE4 /* Simple_Spending_TrackerTests.swift */,
			);
			path = "Simple Spending TrackerTests";
			sourceTree = "<group>";
		};
		2A339BDF2935825400CA2EE4 /* Simple Spending TrackerUITests */ = {
			isa = PBXGroup;
			children = (
				2A339BE02935825400CA2EE4 /* Simple_Spending_TrackerUITests.swift */,
				2A339BE22935825400CA2EE4 /* Simple_Spending_TrackerUITestsLaunchTests.swift */,
			);
			path = "Simple Spending TrackerUITests";
			sourceTree = "<group>";
		};
/* End PBXGroup section */

/* Begin PBXNativeTarget section */
		2A339BC12935825000CA2EE4 /* Simple Spending Tracker */ = {
			isa = PBXNativeTarget;
			buildConfigurationList = 2A339BE62935825400CA2EE4 /* Build configuration list for PBXNativeTarget "Simple Spending Tracker" */;
			buildPhases = (
				2A339BBE2935825000CA2EE4 /* Sources */,
				2A339BBF2935825000CA2EE4 /* Frameworks */,
				2A339BC02935825000CA2EE4 /* Resources */,
			);
			buildRules = (
			);
			dependencies = (
			);
			name = "Simple Spending Tracker";
			productName = "Simple Spending Tracker";
			productReference = 2A339BC22935825000CA2EE4 /* Simple Spending Tracker.app */;
			productType = "com.apple.product-type.application";
		};
		2A339BD12935825400CA2EE4 /* Simple Spending TrackerTests */ = {
			isa = PBXNativeTarget;
			buildConfigurationList = 2A339BE92935825400CA2EE4 /* Build configuration list for PBXNativeTarget "Simple Spending TrackerTests" */;
			buildPhases = (
				2A339BCE2935825400CA2EE4 /* Sources */,
				2A339BCF2935825400CA2EE4 /* Frameworks */,
				2A339BD02935825400CA2EE4 /* Resources */,
			);
			buildRules = (
			);
			dependencies = (
				2A339BD42935825400CA2EE4 /* PBXTargetDependency */,
			);
			name = "Simple Spending TrackerTests";
			productName = "Simple Spending TrackerTests";
			productReference = 2A339BD22935825400CA2EE4 /* Simple Spending TrackerTests.xctest */;
			productType = "com.apple.product-type.bundle.unit-test";
		};
		2A339BDB2935825400CA2EE4 /* Simple Spending TrackerUITests */ = {
			isa = PBXNativeTarget;
			buildConfigurationList = 2A339BEC2935825400CA2EE4 /* Build configuration list for PBXNativeTarget "Simple Spending TrackerUITests" */;
			buildPhases = (
				2A339BD82935825400CA2EE4 /* Sources */,
				2A339BD92935825400CA2EE4 /* Frameworks */,
				2A339BDA2935825400CA2EE4 /* Resources */,
			);
			buildRules = (
			);
			dependencies = (
				2A339BDE2935825400CA2EE4 /* PBXTargetDependency */,
			);
			name = "Simple Spending TrackerUITests";
			productName = "Simple Spending TrackerUITests";
			productReference = 2A339BDC2935825400CA2EE4 /* Simple Spending TrackerUITests.xctest */;
			productType = "com.apple.product-type.bundle.ui-testing";
		};
/* End PBXNativeTarget section */

/* Begin PBXProject section */
		2A339BBA2935825000CA2EE4 /* Project object */ = {
			isa = PBXProject;
			attributes = {
				BuildIndependentTargetsInParallel = 1;
				LastSwiftUpdateCheck = 1410;
				LastUpgradeCheck = 1410;
				TargetAttributes = {
					2A339BC12935825000CA2EE4 = {
						CreatedOnToolsVersion = 14.1;
					};
					2A339BD12935825400CA2EE4 = {
						CreatedOnToolsVersion = 14.1;
						TestTargetID = 2A339BC12935825000CA2EE4;
					};
					2A339BDB2935825400CA2EE4 = {
						CreatedOnToolsVersion = 14.1;
						TestTargetID = 2A339BC12935825000CA2EE4;
					};
				};
			};
			buildConfigurationList = 2A339BBD2935825000CA2EE4 /* Build configuration list for PBXProject "Simple Spending Tracker" */;
			compatibilityVersion = "Xcode 14.0";
			developmentRegion = en;
			hasScannedForEncodings = 0;
			knownRegions = (
				en,
				Base,
			);
			mainGroup = 2A339BB92935825000CA2EE4;
			productRefGroup = 2A339BC32935825000CA2EE4 /* Products */;
			projectDirPath = "";
			projectRoot = "";
			targets = (
				2A339BC12935825000CA2EE4 /* Simple Spending Tracker */,
				2A339BD12935825400CA2EE4 /* Simple Spending TrackerTests */,
				2A339BDB2935825400CA2EE4 /* Simple Spending TrackerUITests */,
			);
		};
/* End PBXProject section */

/* Begin PBXResourcesBuildPhase section */
		2A339BC02935825000CA2EE4 /* Resources */ = {
			isa = PBXResourcesBuildPhase;
			buildActionMask = 2147483647;
			files = (
				2A339BCD2935825300CA2EE4 /* Preview Assets.xcassets in Resources */,
				2A339BCA2935825300CA2EE4 /* Assets.xcassets in Resources */,
			);
			runOnlyForDeploymentPostprocessing = 0;
		};
		2A339BD02935825400CA2EE4 /* Resources */ = {
			isa = PBXResourcesBuildPhase;
			buildActionMask = 2147483647;
			files = (
			);
			runOnlyForDeploymentPostprocessing = 0;
		};
		2A339BDA2935825400CA2EE4 /* Resources */ = {
			isa = PBXResourcesBuildPhase;
			buildActionMask = 2147483647;
			files = (
			);
			runOnlyForDeploymentPostprocessing = 0;
		};
/* End PBXResourcesBuildPhase section */

/* Begin PBXSourcesBuildPhase section */
		2A339BBE2935825000CA2EE4 /* Sources */ = {
			isa = PBXSourcesBuildPhase;
			buildActionMask = 2147483647;
			files = (
				2A339BC82935825000CA2EE4 /* ContentView.swift in Sources */,
				2A339BC62935825000CA2EE4 /* Simple_Spending_TrackerApp.swift in Sources */,
			);
			runOnlyForDeploymentPostprocessing = 0;
		};
		2A339BCE2935825400CA2EE4 /* Sources */ = {
			isa = PBXSourcesBuildPhase;
			buildActionMask = 2147483647;
			files = (
				2A339BD72935825400CA2EE4 /* Simple_Spending_TrackerTests.swift in Sources */,
			);
			runOnlyForDeploymentPostprocessing = 0;
		};
		2A339BD82935825400CA2EE4 /* Sources */ = {
			isa = PBXSourcesBuildPhase;
			buildActionMask = 2147483647;
			files = (
				2A339BE12935825400CA2EE4 /* Simple_Spending_TrackerUITests.swift in Sources */,
				2A339BE32935825400CA2EE4 /* Simple_Spending_TrackerUITestsLaunchTests.swift in Sources */,
			);
			runOnlyForDeploymentPostprocessing = 0;
		};
/* End PBXSourcesBuildPhase section */

/* Begin PBXTargetDependency section */
		2A339BD42935825400CA2EE4 /* PBXTargetDependency */ = {
			isa = PBXTargetDependency;
			target = 2A339BC12935825000CA2EE4 /* Simple Spending Tracker */;
			targetProxy = 2A339BD32935825400CA2EE4 /* PBXContainerItemProxy */;
		};
		2A339BDE2935825400CA2EE4 /* PBXTargetDependency */ = {
			isa = PBXTargetDependency;
			target = 2A339BC12935825000CA2EE4 /* Simple Spending Tracker */;
			targetProxy = 2A339BDD2935825400CA2EE4 /* PBXContainerItemProxy */;
		};
/* End PBXTargetDependency section */

/* Begin XCBuildConfiguration section */
		2A339BE42935825400CA2EE4 /* Debug */ = {
			isa = XCBuildConfiguration;
			buildSettings = {
				ALWAYS_SEARCH_USER_PATHS = NO;
				CLANG_ANALYZER_NONNULL = YES;
				CLANG_ANALYZER_NUMBER_OBJECT_CONVERSION = YES_AGGRESSIVE;
				CLANG_CXX_LANGUAGE_STANDARD = "gnu++20";
				CLANG_ENABLE_MODULES = YES;
				CLANG_ENABLE_OBJC_ARC = YES;
				CLANG_ENABLE_OBJC_WEAK = YES;
				CLANG_WARN_BLOCK_CAPTURE_AUTORELEASING = YES;
				CLANG_WARN_BOOL_CONVERSION = YES;
				CLANG_WARN_COMMA = YES;
				CLANG_WARN_CONSTANT_CONVERSION = YES;
				CLANG_WARN_DEPRECATED_OBJC_IMPLEMENTATIONS = YES;
				CLANG_WARN_DIRECT_OBJC_ISA_USAGE = YES_ERROR;
				CLANG_WARN_DOCUMENTATION_COMMENTS = YES;
				CLANG_WARN_EMPTY_BODY = YES;
				CLANG_WARN_ENUM_CONVERSION = YES;
				CLANG_WARN_INFINITE_RECURSION = YES;
				CLANG_WARN_INT_CONVERSION = YES;
				CLANG_WARN_NON_LITERAL_NULL_CONVERSION = YES;
				CLANG_WARN_OBJC_IMPLICIT_RETAIN_SELF = YES;
				CLANG_WARN_OBJC_LITERAL_CONVERSION = YES;
				CLANG_WARN_OBJC_ROOT_CLASS = YES_ERROR;
				CLANG_WARN_QUOTED_INCLUDE_IN_FRAMEWORK_HEADER = YES;
				CLANG_WARN_RANGE_LOOP_ANALYSIS = YES;
				CLANG_WARN_STRICT_PROTOTYPES = YES;
				CLANG_WARN_SUSPICIOUS_MOVE = YES;
				CLANG_WARN_UNGUARDED_AVAILABILITY = YES_AGGRESSIVE;
				CLANG_WARN_UNREACHABLE_CODE = YES;
				CLANG_WARN__DUPLICATE_METHOD_MATCH = YES;
				COPY_PHASE_STRIP = NO;
				DEBUG_INFORMATION_FORMAT = dwarf;
				ENABLE_STRICT_OBJC_MSGSEND = YES;
				ENABLE_TESTABILITY = YES;
				GCC_C_LANGUAGE_STANDARD = gnu11;
				GCC_DYNAMIC_NO_PIC = NO;
				GCC_NO_COMMON_BLOCKS = YES;
				GCC_OPTIMIZATION_LEVEL = 0;
				GCC_PREPROCESSOR_DEFINITIONS = (
					"DEBUG=1",
					"$(inherited)",
				);
				GCC_WARN_64_TO_32_BIT_CONVERSION = YES;
				GCC_WARN_ABOUT_RETURN_TYPE = YES_ERROR;
				GCC_WARN_UNDECLARED_SELECTOR = YES;
				GCC_WARN_UNINITIALIZED_AUTOS = YES_AGGRESSIVE;
				GCC_WARN_UNUSED_FUNCTION = YES;
				GCC_WARN_UNUSED_VARIABLE = YES;
				IPHONEOS_DEPLOYMENT_TARGET = 16.1;
				MTL_ENABLE_DEBUG_INFO = INCLUDE_SOURCE;
				MTL_FAST_MATH = YES;
				ONLY_ACTIVE_ARCH = YES;
				SDKROOT = iphoneos;
				SWIFT_ACTIVE_COMPILATION_CONDITIONS = DEBUG;
				SWIFT_OPTIMIZATION_LEVEL = "-Onone";
			};
			name = Debug;
		};
		2A339BE52935825400CA2EE4 /* Release */ = {
			isa = XCBuildConfiguration;
			buildSettings = {
				ALWAYS_SEARCH_USER_PATHS = NO;
				CLANG_ANALYZER_NONNULL = YES;
				CLANG_ANALYZER_NUMBER_OBJECT_CONVERSION = YES_AGGRESSIVE;
				CLANG_CXX_LANGUAGE_STANDARD = "gnu++20";
				CLANG_ENABLE_MODULES = YES;
				CLANG_ENABLE_OBJC_ARC = YES;
				CLANG_ENABLE_OBJC_WEAK = YES;
				CLANG_WARN_BLOCK_CAPTURE_AUTORELEASING = YES;
				CLANG_WARN_BOOL_CONVERSION = YES;
				CLANG_WARN_COMMA = YES;
				CLANG_WARN_CONSTANT_CONVERSION = YES;
				CLANG_WARN_DEPRECATED_OBJC_IMPLEMENTATIONS = YES;
				CLANG_WARN_DIRECT_OBJC_ISA_USAGE = YES_ERROR;
				CLANG_WARN_DOCUMENTATION_COMMENTS = YES;
				CLANG_WARN_EMPTY_BODY = YES;
				CLANG_WARN_ENUM_CONVERSION = YES;
				CLANG_WARN_INFINITE_RECURSION = YES;
				CLANG_WARN_INT_CONVERSION = YES;
				CLANG_WARN_NON_LITERAL_NULL_CONVERSION = YES;
				CLANG_WARN_OBJC_IMPLICIT_RETAIN_SELF = YES;
				CLANG_WARN_OBJC_LITERAL_CONVERSION = YES;
				CLANG_WARN_OBJC_ROOT_CLASS = YES_ERROR;
				CLANG_WARN_QUOTED_INCLUDE_IN_FRAMEWORK_HEADER = YES;
				CLANG_WARN_RANGE_LOOP_ANALYSIS = YES;
				CLANG_WARN_STRICT_PROTOTYPES = YES;
				CLANG_WARN_SUSPICIOUS_MOVE = YES;
				CLANG_WARN_UNGUARDED_AVAILABILITY = YES_AGGRESSIVE;
				CLANG_WARN_UNREACHABLE_CODE = YES;
				CLANG_WARN__DUPLICATE_METHOD_MATCH = YES;
				COPY_PHASE_STRIP = NO;
				DEBUG_INFORMATION_FORMAT = "dwarf-with-dsym";
				ENABLE_NS_ASSERTIONS = NO;
				ENABLE_STRICT_OBJC_MSGSEND = YES;
				GCC_C_LANGUAGE_STANDARD = gnu11;
				GCC_NO_COMMON_BLOCKS = YES;
				GCC_WARN_64_TO_32_BIT_CONVERSION = YES;
				GCC_WARN_ABOUT_RETURN_TYPE = YES_ERROR;
				GCC_WARN_UNDECLARED_SELECTOR = YES;
				GCC_WARN_UNINITIALIZED_AUTOS = YES_AGGRESSIVE;
				GCC_WARN_UNUSED_FUNCTION = YES;
				GCC_WARN_UNUSED_VARIABLE = YES;
				IPHONEOS_DEPLOYMENT_TARGET = 16.1;
				MTL_ENABLE_DEBUG_INFO = NO;
				MTL_FAST_MATH = YES;
				SDKROOT = iphoneos;
				SWIFT_COMPILATION_MODE = wholemodule;
				SWIFT_OPTIMIZATION_LEVEL = "-O";
				VALIDATE_PRODUCT = YES;
			};
			name = Release;
		};
		2A339BE72935825400CA2EE4 /* Debug */ = {
			isa = XCBuildConfiguration;
			buildSettings = {
				ASSETCATALOG_COMPILER_APPICON_NAME = AppIcon;
				ASSETCATALOG_COMPILER_GLOBAL_ACCENT_COLOR_NAME = AccentColor;
				CODE_SIGN_STYLE = Automatic;
				CURRENT_PROJECT_VERSION = 1;
				DEVELOPMENT_ASSET_PATHS = "\"Simple Spending Tracker/Preview Content\"";
				DEVELOPMENT_TEAM = 2N7QF8UB65;
				ENABLE_PREVIEWS = YES;
				GENERATE_INFOPLIST_FILE = YES;
				INFOPLIST_KEY_UIApplicationSceneManifest_Generation = YES;
				INFOPLIST_KEY_UIApplicationSupportsIndirectInputEvents = YES;
				INFOPLIST_KEY_UILaunchScreen_Generation = YES;
				INFOPLIST_KEY_UISupportedInterfaceOrientations_iPad = "UIInterfaceOrientationPortrait UIInterfaceOrientationPortraitUpsideDown UIInterfaceOrientationLandscapeLeft UIInterfaceOrientationLandscapeRight";
				INFOPLIST_KEY_UISupportedInterfaceOrientations_iPhone = "UIInterfaceOrientationPortrait UIInterfaceOrientationLandscapeLeft UIInterfaceOrientationLandscapeRight";
				LD_RUNPATH_SEARCH_PATHS = (
					"$(inherited)",
					"@executable_path/Frameworks",
				);
				MARKETING_VERSION = 1.0;
				PRODUCT_BUNDLE_IDENTIFIER = "James-Hart.Simple-Spending-Tracker";
				PRODUCT_NAME = "$(TARGET_NAME)";
				SWIFT_EMIT_LOC_STRINGS = YES;
				SWIFT_VERSION = 5.0;
				TARGETED_DEVICE_FAMILY = "1,2";
			};
			name = Debug;
		};
		2A339BE82935825400CA2EE4 /* Release */ = {
			isa = XCBuildConfiguration;
			buildSettings = {
				ASSETCATALOG_COMPILER_APPICON_NAME = AppIcon;
				ASSETCATALOG_COMPILER_GLOBAL_ACCENT_COLOR_NAME = AccentColor;
				CODE_SIGN_STYLE = Automatic;
				CURRENT_PROJECT_VERSION = 1;
				DEVELOPMENT_ASSET_PATHS = "\"Simple Spending Tracker/Preview Content\"";
				DEVELOPMENT_TEAM = 2N7QF8UB65;
				ENABLE_PREVIEWS = YES;
				GENERATE_INFOPLIST_FILE = YES;
				INFOPLIST_KEY_UIApplicationSceneManifest_Generation = YES;
				INFOPLIST_KEY_UIApplicationSupportsIndirectInputEvents = YES;
				INFOPLIST_KEY_UILaunchScreen_Generation = YES;
				INFOPLIST_KEY_UISupportedInterfaceOrientations_iPad = "UIInterfaceOrientationPortrait UIInterfaceOrientationPortraitUpsideDown UIInterfaceOrientationLandscapeLeft UIInterfaceOrientationLandscapeRight";
				INFOPLIST_KEY_UISupportedInterfaceOrientations_iPhone = "UIInterfaceOrientationPortrait UIInterfaceOrientationLandscapeLeft UIInterfaceOrientationLandscapeRight";
				LD_RUNPATH_SEARCH_PATHS = (
					"$(inherited)",
					"@executable_path/Frameworks",
				);
				MARKETING_VERSION = 1.0;
				PRODUCT_BUNDLE_IDENTIFIER = "James-Hart.Simple-Spending-Tracker";
				PRODUCT_NAME = "$(TARGET_NAME)";
				SWIFT_EMIT_LOC_STRINGS = YES;
				SWIFT_VERSION = 5.0;
				TARGETED_DEVICE_FAMILY = "1,2";
			};
			name = Release;
		};
		2A339BEA2935825400CA2EE4 /* Debug */ = {
			isa = XCBuildConfiguration;
			buildSettings = {
				ALWAYS_EMBED_SWIFT_STANDARD_LIBRARIES = YES;
				BUNDLE_LOADER = "$(TEST_HOST)";
				CODE_SIGN_STYLE = Automatic;
				CURRENT_PROJECT_VERSION = 1;
				DEVELOPMENT_TEAM = 2N7QF8UB65;
				GENERATE_INFOPLIST_FILE = YES;
				IPHONEOS_DEPLOYMENT_TARGET = 16.1;
				MARKETING_VERSION = 1.0;
				PRODUCT_BUNDLE_IDENTIFIER = "James-Hart.Simple-Spending-TrackerTests";
				PRODUCT_NAME = "$(TARGET_NAME)";
				SWIFT_EMIT_LOC_STRINGS = NO;
				SWIFT_VERSION = 5.0;
				TARGETED_DEVICE_FAMILY = "1,2";
				TEST_HOST = "$(BUILT_PRODUCTS_DIR)/Simple Spending Tracker.app/$(BUNDLE_EXECUTABLE_FOLDER_PATH)/Simple Spending Tracker";
			};
			name = Debug;
		};
		2A339BEB2935825400CA2EE4 /* Release */ = {
			isa = XCBuildConfiguration;
			buildSettings = {
				ALWAYS_EMBED_SWIFT_STANDARD_LIBRARIES = YES;
				BUNDLE_LOADER = "$(TEST_HOST)";
				CODE_SIGN_STYLE = Automatic;
				CURRENT_PROJECT_VERSION = 1;
				DEVELOPMENT_TEAM = 2N7QF8UB65;
				GENERATE_INFOPLIST_FILE = YES;
				IPHONEOS_DEPLOYMENT_TARGET = 16.1;
				MARKETING_VERSION = 1.0;
				PRODUCT_BUNDLE_IDENTIFIER = "James-Hart.Simple-Spending-TrackerTests";
				PRODUCT_NAME = "$(TARGET_NAME)";
				SWIFT_EMIT_LOC_STRINGS = NO;
				SWIFT_VERSION = 5.0;
				TARGETED_DEVICE_FAMILY = "1,2";
				TEST_HOST = "$(BUILT_PRODUCTS_DIR)/Simple Spending Tracker.app/$(BUNDLE_EXECUTABLE_FOLDER_PATH)/Simple Spending Tracker";
			};
			name = Release;
		};
		2A339BED2935825400CA2EE4 /* Debug */ = {
			isa = XCBuildConfiguration;
			buildSettings = {
				ALWAYS_EMBED_SWIFT_STANDARD_LIBRARIES = YES;
				CODE_SIGN_STYLE = Automatic;
				CURRENT_PROJECT_VERSION = 1;
				DEVELOPMENT_TEAM = 2N7QF8UB65;
				GENERATE_INFOPLIST_FILE = YES;
				MARKETING_VERSION = 1.0;
				PRODUCT_BUNDLE_IDENTIFIER = "James-Hart.Simple-Spending-TrackerUITests";
				PRODUCT_NAME = "$(TARGET_NAME)";
				SWIFT_EMIT_LOC_STRINGS = NO;
				SWIFT_VERSION = 5.0;
				TARGETED_DEVICE_FAMILY = "1,2";
				TEST_TARGET_NAME = "Simple Spending Tracker";
			};
			name = Debug;
		};
		2A339BEE2935825400CA2EE4 /* Release */ = {
			isa = XCBuildConfiguration;
			buildSettings = {
				ALWAYS_EMBED_SWIFT_STANDARD_LIBRARIES = YES;
				CODE_SIGN_STYLE = Automatic;
				CURRENT_PROJECT_VERSION = 1;
				DEVELOPMENT_TEAM = 2N7QF8UB65;
				GENERATE_INFOPLIST_FILE = YES;
				MARKETING_VERSION = 1.0;
				PRODUCT_BUNDLE_IDENTIFIER = "James-Hart.Simple-Spending-TrackerUITests";
				PRODUCT_NAME = "$(TARGET_NAME)";
				SWIFT_EMIT_LOC_STRINGS = NO;
				SWIFT_VERSION = 5.0;
				TARGETED_DEVICE_FAMILY = "1,2";
				TEST_TARGET_NAME = "Simple Spending Tracker";
			};
			name = Release;
		};
/* End XCBuildConfiguration section */

/* Begin XCConfigurationList section */
		2A339BBD2935825000CA2EE4 /* Build configuration list for PBXProject "Simple Spending Tracker" */ = {
			isa = XCConfigurationList;
			buildConfigurations = (
				2A339BE42935825400CA2EE4 /* Debug */,
				2A339BE52935825400CA2EE4 /* Release */,
			);
			defaultConfigurationIsVisible = 0;
			defaultConfigurationName = Release;
		};
		2A339BE62935825400CA2EE4 /* Build configuration list for PBXNativeTarget "Simple Spending Tracker" */ = {
			isa = XCConfigurationList;
			buildConfigurations = (
				2A339BE72935825400CA2EE4 /* Debug */,
				2A339BE82935825400CA2EE4 /* Release */,
			);
			defaultConfigurationIsVisible = 0;
			defaultConfigurationName = Release;
		};
		2A339BE92935825400CA2EE4 /* Build configuration list for PBXNativeTarget "Simple Spending TrackerTests" */ = {
			isa = XCConfigurationList;
			buildConfigurations = (
				2A339BEA2935825400CA2EE4 /* Debug */,
				2A339BEB2935825400CA2EE4 /* Release */,
			);
			defaultConfigurationIsVisible = 0;
			defaultConfigurationName = Release;
		};
		2A339BEC2935825400CA2EE4 /* Build configuration list for PBXNativeTarget "Simple Spending TrackerUITests" */ = {
			isa = XCConfigurationList;
			buildConfigurations = (
				2A339BED2935825400CA2EE4 /* Debug */,
				2A339BEE2935825400CA2EE4 /* Release */,
			);
			defaultConfigurationIsVisible = 0;
			defaultConfigurationName = Release;
		};
/* End XCConfigurationList section */
	};
	rootObject = 2A339BBA2935825000CA2EE4 /* Project object */;
}
